// !$*UTF8*$!
{
	archiveVersion = 1;
	classes = {
	};
	objectVersion = 56;
	objects = {

/* Begin PBXBuildFile section */
		5926B5822C44E39E00552E91 /* SupabaseAuthService.swift in Sources */ = {isa = PBXBuildFile; fileRef = 5926B5812C44E39E00552E91 /* SupabaseAuthService.swift */; };
		5926B5862C44E7C200552E91 /* Auth in Frameworks */ = {isa = PBXBuildFile; productRef = 5926B5852C44E7C200552E91 /* Auth */; };
		5926B5882C44E7C200552E91 /* Functions in Frameworks */ = {isa = PBXBuildFile; productRef = 5926B5872C44E7C200552E91 /* Functions */; };
		5926B58A2C44E7C200552E91 /* PostgREST in Frameworks */ = {isa = PBXBuildFile; productRef = 5926B5892C44E7C200552E91 /* PostgREST */; };
		5926B58C2C44E7C200552E91 /* Realtime in Frameworks */ = {isa = PBXBuildFile; productRef = 5926B58B2C44E7C200552E91 /* Realtime */; };
		5926B58E2C44E7C200552E91 /* Storage in Frameworks */ = {isa = PBXBuildFile; productRef = 5926B58D2C44E7C200552E91 /* Storage */; };
		5926B5902C44E7C200552E91 /* Supabase in Frameworks */ = {isa = PBXBuildFile; productRef = 5926B58F2C44E7C200552E91 /* Supabase */; };
		5926B5922C4511BC00552E91 /* CreateAccountView.swift in Sources */ = {isa = PBXBuildFile; fileRef = 5926B5912C4511BC00552E91 /* CreateAccountView.swift */; };
		592CF2E12C453DBB0058F02E /* HomeView.swift in Sources */ = {isa = PBXBuildFile; fileRef = 592CF2E02C453DBB0058F02E /* HomeView.swift */; };
		5946C4AD2C413B0D008C557A /* LoginView.swift in Sources */ = {isa = PBXBuildFile; fileRef = 5946C4AC2C413B0D008C557A /* LoginView.swift */; };
		59D68E8C2C412AB9000BF5ED /* FoodAppApp.swift in Sources */ = {isa = PBXBuildFile; fileRef = 59D68E8B2C412AB9000BF5ED /* FoodAppApp.swift */; };
		59D68E8E2C412AB9000BF5ED /* ContentView.swift in Sources */ = {isa = PBXBuildFile; fileRef = 59D68E8D2C412AB9000BF5ED /* ContentView.swift */; };
		59D68E902C412ABB000BF5ED /* Assets.xcassets in Resources */ = {isa = PBXBuildFile; fileRef = 59D68E8F2C412ABB000BF5ED /* Assets.xcassets */; };
		59D68E932C412ABB000BF5ED /* Preview Assets.xcassets in Resources */ = {isa = PBXBuildFile; fileRef = 59D68E922C412ABB000BF5ED /* Preview Assets.xcassets */; };
		59D68E9D2C412ABB000BF5ED /* FoodAppTests.swift in Sources */ = {isa = PBXBuildFile; fileRef = 59D68E9C2C412ABB000BF5ED /* FoodAppTests.swift */; };
		59D68EA72C412ABB000BF5ED /* FoodAppUITests.swift in Sources */ = {isa = PBXBuildFile; fileRef = 59D68EA62C412ABB000BF5ED /* FoodAppUITests.swift */; };
		59D68EA92C412ABB000BF5ED /* FoodAppUITestsLaunchTests.swift in Sources */ = {isa = PBXBuildFile; fileRef = 59D68EA82C412ABB000BF5ED /* FoodAppUITestsLaunchTests.swift */; };
		59D68EBA2C412D53000BF5ED /* WelcomeView.swift in Sources */ = {isa = PBXBuildFile; fileRef = 59D68EB92C412D53000BF5ED /* WelcomeView.swift */; };
		59D68EC02C412DFE000BF5ED /* Judson-Bold.ttf in Resources */ = {isa = PBXBuildFile; fileRef = 59D68EBB2C412DFD000BF5ED /* Judson-Bold.ttf */; };
		59D68EC12C412DFE000BF5ED /* Poppins-Bold.ttf in Resources */ = {isa = PBXBuildFile; fileRef = 59D68EBC2C412DFD000BF5ED /* Poppins-Bold.ttf */; };
		59D68EC22C412DFE000BF5ED /* Poppins-Medium.ttf in Resources */ = {isa = PBXBuildFile; fileRef = 59D68EBD2C412DFD000BF5ED /* Poppins-Medium.ttf */; };
		59D68EC32C412DFE000BF5ED /* Poppins-SemiBold.ttf in Resources */ = {isa = PBXBuildFile; fileRef = 59D68EBE2C412DFD000BF5ED /* Poppins-SemiBold.ttf */; };
		59D68ECE2C4132AF000BF5ED /* silderView.swift in Sources */ = {isa = PBXBuildFile; fileRef = 59D68ECD2C4132AF000BF5ED /* silderView.swift */; };
		59D68ED02C4136C9000BF5ED /* Launch Screen.storyboard in Resources */ = {isa = PBXBuildFile; fileRef = 59D68ECF2C4136C9000BF5ED /* Launch Screen.storyboard */; };
/* End PBXBuildFile section */

/* Begin PBXContainerItemProxy section */
		59D68E992C412ABB000BF5ED /* PBXContainerItemProxy */ = {
			isa = PBXContainerItemProxy;
			containerPortal = 59D68E802C412AB9000BF5ED /* Project object */;
			proxyType = 1;
			remoteGlobalIDString = 59D68E872C412AB9000BF5ED;
			remoteInfo = FoodApp;
		};
		59D68EA32C412ABB000BF5ED /* PBXContainerItemProxy */ = {
			isa = PBXContainerItemProxy;
			containerPortal = 59D68E802C412AB9000BF5ED /* Project object */;
			proxyType = 1;
			remoteGlobalIDString = 59D68E872C412AB9000BF5ED;
			remoteInfo = FoodApp;
		};
/* End PBXContainerItemProxy section */

/* Begin PBXFileReference section */
		5926B5812C44E39E00552E91 /* SupabaseAuthService.swift */ = {isa = PBXFileReference; lastKnownFileType = sourcecode.swift; path = SupabaseAuthService.swift; sourceTree = "<group>"; };
		5926B5912C4511BC00552E91 /* CreateAccountView.swift */ = {isa = PBXFileReference; lastKnownFileType = sourcecode.swift; path = CreateAccountView.swift; sourceTree = "<group>"; usesTabs = 0; };
		592CF2E02C453DBB0058F02E /* HomeView.swift */ = {isa = PBXFileReference; lastKnownFileType = sourcecode.swift; path = HomeView.swift; sourceTree = "<group>"; };
		5946C4AC2C413B0D008C557A /* LoginView.swift */ = {isa = PBXFileReference; lastKnownFileType = sourcecode.swift; path = LoginView.swift; sourceTree = "<group>"; };
		59D68E882C412AB9000BF5ED /* FoodApp.app */ = {isa = PBXFileReference; explicitFileType = wrapper.application; includeInIndex = 0; path = FoodApp.app; sourceTree = BUILT_PRODUCTS_DIR; };
		59D68E8B2C412AB9000BF5ED /* FoodAppApp.swift */ = {isa = PBXFileReference; lastKnownFileType = sourcecode.swift; path = FoodAppApp.swift; sourceTree = "<group>"; };
		59D68E8D2C412AB9000BF5ED /* ContentView.swift */ = {isa = PBXFileReference; lastKnownFileType = sourcecode.swift; path = ContentView.swift; sourceTree = "<group>"; };
		59D68E8F2C412ABB000BF5ED /* Assets.xcassets */ = {isa = PBXFileReference; lastKnownFileType = folder.assetcatalog; path = Assets.xcassets; sourceTree = "<group>"; };
		59D68E922C412ABB000BF5ED /* Preview Assets.xcassets */ = {isa = PBXFileReference; lastKnownFileType = folder.assetcatalog; path = "Preview Assets.xcassets"; sourceTree = "<group>"; };
		59D68E982C412ABB000BF5ED /* FoodAppTests.xctest */ = {isa = PBXFileReference; explicitFileType = wrapper.cfbundle; includeInIndex = 0; path = FoodAppTests.xctest; sourceTree = BUILT_PRODUCTS_DIR; };
		59D68E9C2C412ABB000BF5ED /* FoodAppTests.swift */ = {isa = PBXFileReference; lastKnownFileType = sourcecode.swift; path = FoodAppTests.swift; sourceTree = "<group>"; };
		59D68EA22C412ABB000BF5ED /* FoodAppUITests.xctest */ = {isa = PBXFileReference; explicitFileType = wrapper.cfbundle; includeInIndex = 0; path = FoodAppUITests.xctest; sourceTree = BUILT_PRODUCTS_DIR; };
		59D68EA62C412ABB000BF5ED /* FoodAppUITests.swift */ = {isa = PBXFileReference; lastKnownFileType = sourcecode.swift; path = FoodAppUITests.swift; sourceTree = "<group>"; };
		59D68EA82C412ABB000BF5ED /* FoodAppUITestsLaunchTests.swift */ = {isa = PBXFileReference; lastKnownFileType = sourcecode.swift; path = FoodAppUITestsLaunchTests.swift; sourceTree = "<group>"; };
		59D68EB92C412D53000BF5ED /* WelcomeView.swift */ = {isa = PBXFileReference; lastKnownFileType = sourcecode.swift; path = WelcomeView.swift; sourceTree = "<group>"; };
		59D68EBB2C412DFD000BF5ED /* Judson-Bold.ttf */ = {isa = PBXFileReference; lastKnownFileType = file; path = "Judson-Bold.ttf"; sourceTree = "<group>"; };
		59D68EBC2C412DFD000BF5ED /* Poppins-Bold.ttf */ = {isa = PBXFileReference; lastKnownFileType = file; path = "Poppins-Bold.ttf"; sourceTree = "<group>"; };
		59D68EBD2C412DFD000BF5ED /* Poppins-Medium.ttf */ = {isa = PBXFileReference; lastKnownFileType = file; path = "Poppins-Medium.ttf"; sourceTree = "<group>"; };
		59D68EBE2C412DFD000BF5ED /* Poppins-SemiBold.ttf */ = {isa = PBXFileReference; lastKnownFileType = file; path = "Poppins-SemiBold.ttf"; sourceTree = "<group>"; };
		59D68EC42C412E20000BF5ED /* Info.plist */ = {isa = PBXFileReference; lastKnownFileType = text.plist; path = Info.plist; sourceTree = "<group>"; };
		59D68ECD2C4132AF000BF5ED /* silderView.swift */ = {isa = PBXFileReference; lastKnownFileType = sourcecode.swift; path = silderView.swift; sourceTree = "<group>"; };
		59D68ECF2C4136C9000BF5ED /* Launch Screen.storyboard */ = {isa = PBXFileReference; lastKnownFileType = file.storyboard; path = "Launch Screen.storyboard"; sourceTree = "<group>"; };
/* End PBXFileReference section */

/* Begin PBXFrameworksBuildPhase section */
		59D68E852C412AB9000BF5ED /* Frameworks */ = {
			isa = PBXFrameworksBuildPhase;
			buildActionMask = 2147483647;
			files = (
				5926B58A2C44E7C200552E91 /* PostgREST in Frameworks */,
				5926B5882C44E7C200552E91 /* Functions in Frameworks */,
				5926B5902C44E7C200552E91 /* Supabase in Frameworks */,
				5926B5862C44E7C200552E91 /* Auth in Frameworks */,
				5926B58E2C44E7C200552E91 /* Storage in Frameworks */,
				5926B58C2C44E7C200552E91 /* Realtime in Frameworks */,
			);
			runOnlyForDeploymentPostprocessing = 0;
		};
		59D68E952C412ABB000BF5ED /* Frameworks */ = {
			isa = PBXFrameworksBuildPhase;
			buildActionMask = 2147483647;
			files = (
			);
			runOnlyForDeploymentPostprocessing = 0;
		};
		59D68E9F2C412ABB000BF5ED /* Frameworks */ = {
			isa = PBXFrameworksBuildPhase;
			buildActionMask = 2147483647;
			files = (
			);
			runOnlyForDeploymentPostprocessing = 0;
		};
/* End PBXFrameworksBuildPhase section */

/* Begin PBXGroup section */
		5926B5802C44E39100552E91 /* Auth */ = {
			isa = PBXGroup;
			children = (
				5926B5812C44E39E00552E91 /* SupabaseAuthService.swift */,
			);
			path = Auth;
			sourceTree = "<group>";
		};
		5926B5842C44E7C200552E91 /* Frameworks */ = {
			isa = PBXGroup;
			children = (
			);
			name = Frameworks;
			sourceTree = "<group>";
		};
		59D68E7F2C412AB9000BF5ED = {
			isa = PBXGroup;
			children = (
				59D68ECF2C4136C9000BF5ED /* Launch Screen.storyboard */,
				59D68E8A2C412AB9000BF5ED /* FoodApp */,
				59D68E9B2C412ABB000BF5ED /* FoodAppTests */,
				59D68EA52C412ABB000BF5ED /* FoodAppUITests */,
				59D68E892C412AB9000BF5ED /* Products */,
				5926B5842C44E7C200552E91 /* Frameworks */,
			);
			sourceTree = "<group>";
		};
		59D68E892C412AB9000BF5ED /* Products */ = {
			isa = PBXGroup;
			children = (
				59D68E882C412AB9000BF5ED /* FoodApp.app */,
				59D68E982C412ABB000BF5ED /* FoodAppTests.xctest */,
				59D68EA22C412ABB000BF5ED /* FoodAppUITests.xctest */,
			);
			name = Products;
			sourceTree = "<group>";
		};
		59D68E8A2C412AB9000BF5ED /* FoodApp */ = {
			isa = PBXGroup;
			children = (
				5926B5802C44E39100552E91 /* Auth */,
				59D68EC42C412E20000BF5ED /* Info.plist */,
				59D68EBF2C412DFD000BF5ED /* fonts */,
				59D68E8B2C412AB9000BF5ED /* FoodAppApp.swift */,
				5946C4AC2C413B0D008C557A /* LoginView.swift */,
				5926B5912C4511BC00552E91 /* CreateAccountView.swift */,
				59D68E8D2C412AB9000BF5ED /* ContentView.swift */,
				59D68EB92C412D53000BF5ED /* WelcomeView.swift */,
				592CF2E02C453DBB0058F02E /* HomeView.swift */,
				59D68ECD2C4132AF000BF5ED /* silderView.swift */,
				59D68E8F2C412ABB000BF5ED /* Assets.xcassets */,
				59D68E912C412ABB000BF5ED /* Preview Content */,
			);
			path = FoodApp;
			sourceTree = "<group>";
		};
		59D68E912C412ABB000BF5ED /* Preview Content */ = {
			isa = PBXGroup;
			children = (
				59D68E922C412ABB000BF5ED /* Preview Assets.xcassets */,
			);
			path = "Preview Content";
			sourceTree = "<group>";
		};
		59D68E9B2C412ABB000BF5ED /* FoodAppTests */ = {
			isa = PBXGroup;
			children = (
				59D68E9C2C412ABB000BF5ED /* FoodAppTests.swift */,
			);
			path = FoodAppTests;
			sourceTree = "<group>";
		};
		59D68EA52C412ABB000BF5ED /* FoodAppUITests */ = {
			isa = PBXGroup;
			children = (
				59D68EA62C412ABB000BF5ED /* FoodAppUITests.swift */,
				59D68EA82C412ABB000BF5ED /* FoodAppUITestsLaunchTests.swift */,
			);
			path = FoodAppUITests;
			sourceTree = "<group>";
		};
		59D68EBF2C412DFD000BF5ED /* fonts */ = {
			isa = PBXGroup;
			children = (
				59D68EBB2C412DFD000BF5ED /* Judson-Bold.ttf */,
				59D68EBC2C412DFD000BF5ED /* Poppins-Bold.ttf */,
				59D68EBD2C412DFD000BF5ED /* Poppins-Medium.ttf */,
				59D68EBE2C412DFD000BF5ED /* Poppins-SemiBold.ttf */,
			);
			path = fonts;
			sourceTree = "<group>";
		};
/* End PBXGroup section */

/* Begin PBXNativeTarget section */
		59D68E872C412AB9000BF5ED /* FoodApp */ = {
			isa = PBXNativeTarget;
			buildConfigurationList = 59D68EAC2C412ABB000BF5ED /* Build configuration list for PBXNativeTarget "FoodApp" */;
			buildPhases = (
				59D68E842C412AB9000BF5ED /* Sources */,
				59D68E852C412AB9000BF5ED /* Frameworks */,
				59D68E862C412AB9000BF5ED /* Resources */,
			);
			buildRules = (
			);
			dependencies = (
			);
			name = FoodApp;
			packageProductDependencies = (
				5926B5852C44E7C200552E91 /* Auth */,
				5926B5872C44E7C200552E91 /* Functions */,
				5926B5892C44E7C200552E91 /* PostgREST */,
				5926B58B2C44E7C200552E91 /* Realtime */,
				5926B58D2C44E7C200552E91 /* Storage */,
				5926B58F2C44E7C200552E91 /* Supabase */,
			);
			productName = FoodApp;
			productReference = 59D68E882C412AB9000BF5ED /* FoodApp.app */;
			productType = "com.apple.product-type.application";
		};
		59D68E972C412ABB000BF5ED /* FoodAppTests */ = {
			isa = PBXNativeTarget;
			buildConfigurationList = 59D68EAF2C412ABB000BF5ED /* Build configuration list for PBXNativeTarget "FoodAppTests" */;
			buildPhases = (
				59D68E942C412ABB000BF5ED /* Sources */,
				59D68E952C412ABB000BF5ED /* Frameworks */,
				59D68E962C412ABB000BF5ED /* Resources */,
			);
			buildRules = (
			);
			dependencies = (
				59D68E9A2C412ABB000BF5ED /* PBXTargetDependency */,
			);
			name = FoodAppTests;
			productName = FoodAppTests;
			productReference = 59D68E982C412ABB000BF5ED /* FoodAppTests.xctest */;
			productType = "com.apple.product-type.bundle.unit-test";
		};
		59D68EA12C412ABB000BF5ED /* FoodAppUITests */ = {
			isa = PBXNativeTarget;
			buildConfigurationList = 59D68EB22C412ABB000BF5ED /* Build configuration list for PBXNativeTarget "FoodAppUITests" */;
			buildPhases = (
				59D68E9E2C412ABB000BF5ED /* Sources */,
				59D68E9F2C412ABB000BF5ED /* Frameworks */,
				59D68EA02C412ABB000BF5ED /* Resources */,
			);
			buildRules = (
			);
			dependencies = (
				59D68EA42C412ABB000BF5ED /* PBXTargetDependency */,
			);
			name = FoodAppUITests;
			productName = FoodAppUITests;
			productReference = 59D68EA22C412ABB000BF5ED /* FoodAppUITests.xctest */;
			productType = "com.apple.product-type.bundle.ui-testing";
		};
/* End PBXNativeTarget section */

/* Begin PBXProject section */
		59D68E802C412AB9000BF5ED /* Project object */ = {
			isa = PBXProject;
			attributes = {
				BuildIndependentTargetsInParallel = 1;
				LastSwiftUpdateCheck = 1540;
				LastUpgradeCheck = 1540;
				TargetAttributes = {
					59D68E872C412AB9000BF5ED = {
						CreatedOnToolsVersion = 15.4;
					};
					59D68E972C412ABB000BF5ED = {
						CreatedOnToolsVersion = 15.4;
						TestTargetID = 59D68E872C412AB9000BF5ED;
					};
					59D68EA12C412ABB000BF5ED = {
						CreatedOnToolsVersion = 15.4;
						TestTargetID = 59D68E872C412AB9000BF5ED;
					};
				};
			};
			buildConfigurationList = 59D68E832C412AB9000BF5ED /* Build configuration list for PBXProject "FoodApp" */;
			compatibilityVersion = "Xcode 14.0";
			developmentRegion = en;
			hasScannedForEncodings = 0;
			knownRegions = (
				en,
				Base,
			);
			mainGroup = 59D68E7F2C412AB9000BF5ED;
			packageReferences = (
				5926B5832C44E78300552E91 /* XCRemoteSwiftPackageReference "supabase-swift" */,
			);
			productRefGroup = 59D68E892C412AB9000BF5ED /* Products */;
			projectDirPath = "";
			projectRoot = "";
			targets = (
				59D68E872C412AB9000BF5ED /* FoodApp */,
				59D68E972C412ABB000BF5ED /* FoodAppTests */,
				59D68EA12C412ABB000BF5ED /* FoodAppUITests */,
			);
		};
/* End PBXProject section */

/* Begin PBXResourcesBuildPhase section */
		59D68E862C412AB9000BF5ED /* Resources */ = {
			isa = PBXResourcesBuildPhase;
			buildActionMask = 2147483647;
			files = (
				59D68EC02C412DFE000BF5ED /* Judson-Bold.ttf in Resources */,
				59D68EC32C412DFE000BF5ED /* Poppins-SemiBold.ttf in Resources */,
				59D68E932C412ABB000BF5ED /* Preview Assets.xcassets in Resources */,
				59D68EC12C412DFE000BF5ED /* Poppins-Bold.ttf in Resources */,
				59D68ED02C4136C9000BF5ED /* Launch Screen.storyboard in Resources */,
				59D68EC22C412DFE000BF5ED /* Poppins-Medium.ttf in Resources */,
				59D68E902C412ABB000BF5ED /* Assets.xcassets in Resources */,
			);
			runOnlyForDeploymentPostprocessing = 0;
		};
		59D68E962C412ABB000BF5ED /* Resources */ = {
			isa = PBXResourcesBuildPhase;
			buildActionMask = 2147483647;
			files = (
			);
			runOnlyForDeploymentPostprocessing = 0;
		};
		59D68EA02C412ABB000BF5ED /* Resources */ = {
			isa = PBXResourcesBuildPhase;
			buildActionMask = 2147483647;
			files = (
			);
			runOnlyForDeploymentPostprocessing = 0;
		};
/* End PBXResourcesBuildPhase section */

/* Begin PBXSourcesBuildPhase section */
		59D68E842C412AB9000BF5ED /* Sources */ = {
			isa = PBXSourcesBuildPhase;
			buildActionMask = 2147483647;
			files = (
				59D68E8E2C412AB9000BF5ED /* ContentView.swift in Sources */,
				5926B5822C44E39E00552E91 /* SupabaseAuthService.swift in Sources */,
				59D68ECE2C4132AF000BF5ED /* silderView.swift in Sources */,
				5926B5922C4511BC00552E91 /* CreateAccountView.swift in Sources */,
				59D68EBA2C412D53000BF5ED /* WelcomeView.swift in Sources */,
				592CF2E12C453DBB0058F02E /* HomeView.swift in Sources */,
				5946C4AD2C413B0D008C557A /* LoginView.swift in Sources */,
				59D68E8C2C412AB9000BF5ED /* FoodAppApp.swift in Sources */,
			);
			runOnlyForDeploymentPostprocessing = 0;
		};
		59D68E942C412ABB000BF5ED /* Sources */ = {
			isa = PBXSourcesBuildPhase;
			buildActionMask = 2147483647;
			files = (
				59D68E9D2C412ABB000BF5ED /* FoodAppTests.swift in Sources */,
			);
			runOnlyForDeploymentPostprocessing = 0;
		};
		59D68E9E2C412ABB000BF5ED /* Sources */ = {
			isa = PBXSourcesBuildPhase;
			buildActionMask = 2147483647;
			files = (
				59D68EA92C412ABB000BF5ED /* FoodAppUITestsLaunchTests.swift in Sources */,
				59D68EA72C412ABB000BF5ED /* FoodAppUITests.swift in Sources */,
			);
			runOnlyForDeploymentPostprocessing = 0;
		};
/* End PBXSourcesBuildPhase section */

/* Begin PBXTargetDependency section */
		59D68E9A2C412ABB000BF5ED /* PBXTargetDependency */ = {
			isa = PBXTargetDependency;
			target = 59D68E872C412AB9000BF5ED /* FoodApp */;
			targetProxy = 59D68E992C412ABB000BF5ED /* PBXContainerItemProxy */;
		};
		59D68EA42C412ABB000BF5ED /* PBXTargetDependency */ = {
			isa = PBXTargetDependency;
			target = 59D68E872C412AB9000BF5ED /* FoodApp */;
			targetProxy = 59D68EA32C412ABB000BF5ED /* PBXContainerItemProxy */;
		};
/* End PBXTargetDependency section */

/* Begin XCBuildConfiguration section */
		59D68EAA2C412ABB000BF5ED /* Debug */ = {
			isa = XCBuildConfiguration;
			buildSettings = {
				ALWAYS_SEARCH_USER_PATHS = NO;
				ASSETCATALOG_COMPILER_GENERATE_SWIFT_ASSET_SYMBOL_EXTENSIONS = YES;
				CLANG_ANALYZER_NONNULL = YES;
				CLANG_ANALYZER_NUMBER_OBJECT_CONVERSION = YES_AGGRESSIVE;
				CLANG_CXX_LANGUAGE_STANDARD = "gnu++20";
				CLANG_ENABLE_MODULES = YES;
				CLANG_ENABLE_OBJC_ARC = YES;
				CLANG_ENABLE_OBJC_WEAK = YES;
				CLANG_WARN_BLOCK_CAPTURE_AUTORELEASING = YES;
				CLANG_WARN_BOOL_CONVERSION = YES;
				CLANG_WARN_COMMA = YES;
				CLANG_WARN_CONSTANT_CONVERSION = YES;
				CLANG_WARN_DEPRECATED_OBJC_IMPLEMENTATIONS = YES;
				CLANG_WARN_DIRECT_OBJC_ISA_USAGE = YES_ERROR;
				CLANG_WARN_DOCUMENTATION_COMMENTS = YES;
				CLANG_WARN_EMPTY_BODY = YES;
				CLANG_WARN_ENUM_CONVERSION = YES;
				CLANG_WARN_INFINITE_RECURSION = YES;
				CLANG_WARN_INT_CONVERSION = YES;
				CLANG_WARN_NON_LITERAL_NULL_CONVERSION = YES;
				CLANG_WARN_OBJC_IMPLICIT_RETAIN_SELF = YES;
				CLANG_WARN_OBJC_LITERAL_CONVERSION = YES;
				CLANG_WARN_OBJC_ROOT_CLASS = YES_ERROR;
				CLANG_WARN_QUOTED_INCLUDE_IN_FRAMEWORK_HEADER = YES;
				CLANG_WARN_RANGE_LOOP_ANALYSIS = YES;
				CLANG_WARN_STRICT_PROTOTYPES = YES;
				CLANG_WARN_SUSPICIOUS_MOVE = YES;
				CLANG_WARN_UNGUARDED_AVAILABILITY = YES_AGGRESSIVE;
				CLANG_WARN_UNREACHABLE_CODE = YES;
				CLANG_WARN__DUPLICATE_METHOD_MATCH = YES;
				COPY_PHASE_STRIP = NO;
				DEBUG_INFORMATION_FORMAT = dwarf;
				ENABLE_STRICT_OBJC_MSGSEND = YES;
				ENABLE_TESTABILITY = YES;
				ENABLE_USER_SCRIPT_SANDBOXING = YES;
				GCC_C_LANGUAGE_STANDARD = gnu17;
				GCC_DYNAMIC_NO_PIC = NO;
				GCC_NO_COMMON_BLOCKS = YES;
				GCC_OPTIMIZATION_LEVEL = 0;
				GCC_PREPROCESSOR_DEFINITIONS = (
					"DEBUG=1",
					"$(inherited)",
				);
				GCC_WARN_64_TO_32_BIT_CONVERSION = YES;
				GCC_WARN_ABOUT_RETURN_TYPE = YES_ERROR;
				GCC_WARN_UNDECLARED_SELECTOR = YES;
				GCC_WARN_UNINITIALIZED_AUTOS = YES_AGGRESSIVE;
				GCC_WARN_UNUSED_FUNCTION = YES;
				GCC_WARN_UNUSED_VARIABLE = YES;
				IPHONEOS_DEPLOYMENT_TARGET = 17.5;
				LOCALIZATION_PREFERS_STRING_CATALOGS = YES;
				MTL_ENABLE_DEBUG_INFO = INCLUDE_SOURCE;
				MTL_FAST_MATH = YES;
				ONLY_ACTIVE_ARCH = YES;
				SDKROOT = iphoneos;
				SWIFT_ACTIVE_COMPILATION_CONDITIONS = "DEBUG $(inherited)";
				SWIFT_OPTIMIZATION_LEVEL = "-Onone";
			};
			name = Debug;
		};
		59D68EAB2C412ABB000BF5ED /* Release */ = {
			isa = XCBuildConfiguration;
			buildSettings = {
				ALWAYS_SEARCH_USER_PATHS = NO;
				ASSETCATALOG_COMPILER_GENERATE_SWIFT_ASSET_SYMBOL_EXTENSIONS = YES;
				CLANG_ANALYZER_NONNULL = YES;
				CLANG_ANALYZER_NUMBER_OBJECT_CONVERSION = YES_AGGRESSIVE;
				CLANG_CXX_LANGUAGE_STANDARD = "gnu++20";
				CLANG_ENABLE_MODULES = YES;
				CLANG_ENABLE_OBJC_ARC = YES;
				CLANG_ENABLE_OBJC_WEAK = YES;
				CLANG_WARN_BLOCK_CAPTURE_AUTORELEASING = YES;
				CLANG_WARN_BOOL_CONVERSION = YES;
				CLANG_WARN_COMMA = YES;
				CLANG_WARN_CONSTANT_CONVERSION = YES;
				CLANG_WARN_DEPRECATED_OBJC_IMPLEMENTATIONS = YES;
				CLANG_WARN_DIRECT_OBJC_ISA_USAGE = YES_ERROR;
				CLANG_WARN_DOCUMENTATION_COMMENTS = YES;
				CLANG_WARN_EMPTY_BODY = YES;
				CLANG_WARN_ENUM_CONVERSION = YES;
				CLANG_WARN_INFINITE_RECURSION = YES;
				CLANG_WARN_INT_CONVERSION = YES;
				CLANG_WARN_NON_LITERAL_NULL_CONVERSION = YES;
				CLANG_WARN_OBJC_IMPLICIT_RETAIN_SELF = YES;
				CLANG_WARN_OBJC_LITERAL_CONVERSION = YES;
				CLANG_WARN_OBJC_ROOT_CLASS = YES_ERROR;
				CLANG_WARN_QUOTED_INCLUDE_IN_FRAMEWORK_HEADER = YES;
				CLANG_WARN_RANGE_LOOP_ANALYSIS = YES;
				CLANG_WARN_STRICT_PROTOTYPES = YES;
				CLANG_WARN_SUSPICIOUS_MOVE = YES;
				CLANG_WARN_UNGUARDED_AVAILABILITY = YES_AGGRESSIVE;
				CLANG_WARN_UNREACHABLE_CODE = YES;
				CLANG_WARN__DUPLICATE_METHOD_MATCH = YES;
				COPY_PHASE_STRIP = NO;
				DEBUG_INFORMATION_FORMAT = "dwarf-with-dsym";
				ENABLE_NS_ASSERTIONS = NO;
				ENABLE_STRICT_OBJC_MSGSEND = YES;
				ENABLE_USER_SCRIPT_SANDBOXING = YES;
				GCC_C_LANGUAGE_STANDARD = gnu17;
				GCC_NO_COMMON_BLOCKS = YES;
				GCC_WARN_64_TO_32_BIT_CONVERSION = YES;
				GCC_WARN_ABOUT_RETURN_TYPE = YES_ERROR;
				GCC_WARN_UNDECLARED_SELECTOR = YES;
				GCC_WARN_UNINITIALIZED_AUTOS = YES_AGGRESSIVE;
				GCC_WARN_UNUSED_FUNCTION = YES;
				GCC_WARN_UNUSED_VARIABLE = YES;
				IPHONEOS_DEPLOYMENT_TARGET = 17.5;
				LOCALIZATION_PREFERS_STRING_CATALOGS = YES;
				MTL_ENABLE_DEBUG_INFO = NO;
				MTL_FAST_MATH = YES;
				SDKROOT = iphoneos;
				SWIFT_COMPILATION_MODE = wholemodule;
				VALIDATE_PRODUCT = YES;
			};
			name = Release;
		};
		59D68EAD2C412ABB000BF5ED /* Debug */ = {
			isa = XCBuildConfiguration;
			buildSettings = {
				ASSETCATALOG_COMPILER_APPICON_NAME = AppIcon;
				ASSETCATALOG_COMPILER_GLOBAL_ACCENT_COLOR_NAME = AccentColor;
				CODE_SIGN_STYLE = Automatic;
				CURRENT_PROJECT_VERSION = 1;
				DEVELOPMENT_ASSET_PATHS = "\"FoodApp/Preview Content\"";
				ENABLE_PREVIEWS = YES;
				GENERATE_INFOPLIST_FILE = YES;
				INFOPLIST_FILE = FoodApp/Info.plist;
				INFOPLIST_KEY_UIApplicationSceneManifest_Generation = YES;
				INFOPLIST_KEY_UIApplicationSupportsIndirectInputEvents = YES;
				INFOPLIST_KEY_UILaunchScreen_Generation = YES;
				INFOPLIST_KEY_UISupportedInterfaceOrientations_iPad = "UIInterfaceOrientationPortrait UIInterfaceOrientationPortraitUpsideDown UIInterfaceOrientationLandscapeLeft UIInterfaceOrientationLandscapeRight";
				INFOPLIST_KEY_UISupportedInterfaceOrientations_iPhone = "UIInterfaceOrientationPortrait UIInterfaceOrientationLandscapeLeft UIInterfaceOrientationLandscapeRight";
				IPHONEOS_DEPLOYMENT_TARGET = 14.0;
				LD_RUNPATH_SEARCH_PATHS = (
					"$(inherited)",
					"@executable_path/Frameworks",
				);
				MARKETING_VERSION = 1.0;
				PRODUCT_BUNDLE_IDENTIFIER = com.FoodApp;
				PRODUCT_NAME = "$(TARGET_NAME)";
				SWIFT_EMIT_LOC_STRINGS = YES;
				SWIFT_VERSION = 5.0;
				TARGETED_DEVICE_FAMILY = "1,2";
			};
			name = Debug;
		};
		59D68EAE2C412ABB000BF5ED /* Release */ = {
			isa = XCBuildConfiguration;
			buildSettings = {
				ASSETCATALOG_COMPILER_APPICON_NAME = AppIcon;
				ASSETCATALOG_COMPILER_GLOBAL_ACCENT_COLOR_NAME = AccentColor;
				CODE_SIGN_STYLE = Automatic;
				CURRENT_PROJECT_VERSION = 1;
				DEVELOPMENT_ASSET_PATHS = "\"FoodApp/Preview Content\"";
				ENABLE_PREVIEWS = YES;
				GENERATE_INFOPLIST_FILE = YES;
				INFOPLIST_FILE = FoodApp/Info.plist;
				INFOPLIST_KEY_UIApplicationSceneManifest_Generation = YES;
				INFOPLIST_KEY_UIApplicationSupportsIndirectInputEvents = YES;
				INFOPLIST_KEY_UILaunchScreen_Generation = YES;
				INFOPLIST_KEY_UISupportedInterfaceOrientations_iPad = "UIInterfaceOrientationPortrait UIInterfaceOrientationPortraitUpsideDown UIInterfaceOrientationLandscapeLeft UIInterfaceOrientationLandscapeRight";
				INFOPLIST_KEY_UISupportedInterfaceOrientations_iPhone = "UIInterfaceOrientationPortrait UIInterfaceOrientationLandscapeLeft UIInterfaceOrientationLandscapeRight";
				IPHONEOS_DEPLOYMENT_TARGET = 14.0;
				LD_RUNPATH_SEARCH_PATHS = (
					"$(inherited)",
					"@executable_path/Frameworks",
				);
				MARKETING_VERSION = 1.0;
				PRODUCT_BUNDLE_IDENTIFIER = com.FoodApp;
				PRODUCT_NAME = "$(TARGET_NAME)";
				SWIFT_EMIT_LOC_STRINGS = YES;
				SWIFT_VERSION = 5.0;
				TARGETED_DEVICE_FAMILY = "1,2";
			};
			name = Release;
		};
		59D68EB02C412ABB000BF5ED /* Debug */ = {
			isa = XCBuildConfiguration;
			buildSettings = {
				ALWAYS_EMBED_SWIFT_STANDARD_LIBRARIES = YES;
				BUNDLE_LOADER = "$(TEST_HOST)";
				CODE_SIGN_STYLE = Automatic;
				CURRENT_PROJECT_VERSION = 1;
				GENERATE_INFOPLIST_FILE = YES;
				IPHONEOS_DEPLOYMENT_TARGET = 17.5;
				MARKETING_VERSION = 1.0;
				PRODUCT_BUNDLE_IDENTIFIER = com.FoodAppTests;
				PRODUCT_NAME = "$(TARGET_NAME)";
				SWIFT_EMIT_LOC_STRINGS = NO;
				SWIFT_VERSION = 5.0;
				TARGETED_DEVICE_FAMILY = "1,2";
				TEST_HOST = "$(BUILT_PRODUCTS_DIR)/FoodApp.app/$(BUNDLE_EXECUTABLE_FOLDER_PATH)/FoodApp";
			};
			name = Debug;
		};
		59D68EB12C412ABB000BF5ED /* Release */ = {
			isa = XCBuildConfiguration;
			buildSettings = {
				ALWAYS_EMBED_SWIFT_STANDARD_LIBRARIES = YES;
				BUNDLE_LOADER = "$(TEST_HOST)";
				CODE_SIGN_STYLE = Automatic;
				CURRENT_PROJECT_VERSION = 1;
				GENERATE_INFOPLIST_FILE = YES;
				IPHONEOS_DEPLOYMENT_TARGET = 17.5;
				MARKETING_VERSION = 1.0;
				PRODUCT_BUNDLE_IDENTIFIER = com.FoodAppTests;
				PRODUCT_NAME = "$(TARGET_NAME)";
				SWIFT_EMIT_LOC_STRINGS = NO;
				SWIFT_VERSION = 5.0;
				TARGETED_DEVICE_FAMILY = "1,2";
				TEST_HOST = "$(BUILT_PRODUCTS_DIR)/FoodApp.app/$(BUNDLE_EXECUTABLE_FOLDER_PATH)/FoodApp";
			};
			name = Release;
		};
		59D68EB32C412ABB000BF5ED /* Debug */ = {
			isa = XCBuildConfiguration;
			buildSettings = {
				ALWAYS_EMBED_SWIFT_STANDARD_LIBRARIES = YES;
				CODE_SIGN_STYLE = Automatic;
				CURRENT_PROJECT_VERSION = 1;
				GENERATE_INFOPLIST_FILE = YES;
				MARKETING_VERSION = 1.0;
				PRODUCT_BUNDLE_IDENTIFIER = com.FoodAppUITests;
				PRODUCT_NAME = "$(TARGET_NAME)";
				SWIFT_EMIT_LOC_STRINGS = NO;
				SWIFT_VERSION = 5.0;
				TARGETED_DEVICE_FAMILY = "1,2";
				TEST_TARGET_NAME = FoodApp;
			};
			name = Debug;
		};
		59D68EB42C412ABB000BF5ED /* Release */ = {
			isa = XCBuildConfiguration;
			buildSettings = {
				ALWAYS_EMBED_SWIFT_STANDARD_LIBRARIES = YES;
				CODE_SIGN_STYLE = Automatic;
				CURRENT_PROJECT_VERSION = 1;
				GENERATE_INFOPLIST_FILE = YES;
				MARKETING_VERSION = 1.0;
				PRODUCT_BUNDLE_IDENTIFIER = com.FoodAppUITests;
				PRODUCT_NAME = "$(TARGET_NAME)";
				SWIFT_EMIT_LOC_STRINGS = NO;
				SWIFT_VERSION = 5.0;
				TARGETED_DEVICE_FAMILY = "1,2";
				TEST_TARGET_NAME = FoodApp;
			};
			name = Release;
		};
/* End XCBuildConfiguration section */

/* Begin XCConfigurationList section */
		59D68E832C412AB9000BF5ED /* Build configuration list for PBXProject "FoodApp" */ = {
			isa = XCConfigurationList;
			buildConfigurations = (
				59D68EAA2C412ABB000BF5ED /* Debug */,
				59D68EAB2C412ABB000BF5ED /* Release */,
			);
			defaultConfigurationIsVisible = 0;
			defaultConfigurationName = Release;
		};
		59D68EAC2C412ABB000BF5ED /* Build configuration list for PBXNativeTarget "FoodApp" */ = {
			isa = XCConfigurationList;
			buildConfigurations = (
				59D68EAD2C412ABB000BF5ED /* Debug */,
				59D68EAE2C412ABB000BF5ED /* Release */,
			);
			defaultConfigurationIsVisible = 0;
			defaultConfigurationName = Release;
		};
		59D68EAF2C412ABB000BF5ED /* Build configuration list for PBXNativeTarget "FoodAppTests" */ = {
			isa = XCConfigurationList;
			buildConfigurations = (
				59D68EB02C412ABB000BF5ED /* Debug */,
				59D68EB12C412ABB000BF5ED /* Release */,
			);
			defaultConfigurationIsVisible = 0;
			defaultConfigurationName = Release;
		};
		59D68EB22C412ABB000BF5ED /* Build configuration list for PBXNativeTarget "FoodAppUITests" */ = {
			isa = XCConfigurationList;
			buildConfigurations = (
				59D68EB32C412ABB000BF5ED /* Debug */,
				59D68EB42C412ABB000BF5ED /* Release */,
			);
			defaultConfigurationIsVisible = 0;
			defaultConfigurationName = Release;
		};
/* End XCConfigurationList section */

/* Begin XCRemoteSwiftPackageReference section */
		5926B5832C44E78300552E91 /* XCRemoteSwiftPackageReference "supabase-swift" */ = {
			isa = XCRemoteSwiftPackageReference;
			repositoryURL = "https://github.com/supabase-community/supabase-swift.git";
			requirement = {
				kind = upToNextMajorVersion;
				minimumVersion = 2.5.1;
			};
		};
/* End XCRemoteSwiftPackageReference section */

/* Begin XCSwiftPackageProductDependency section */
		5926B5852C44E7C200552E91 /* Auth */ = {
			isa = XCSwiftPackageProductDependency;
			package = 5926B5832C44E78300552E91 /* XCRemoteSwiftPackageReference "supabase-swift" */;
			productName = Auth;
		};
		5926B5872C44E7C200552E91 /* Functions */ = {
			isa = XCSwiftPackageProductDependency;
			package = 5926B5832C44E78300552E91 /* XCRemoteSwiftPackageReference "supabase-swift" */;
			productName = Functions;
		};
		5926B5892C44E7C200552E91 /* PostgREST */ = {
			isa = XCSwiftPackageProductDependency;
			package = 5926B5832C44E78300552E91 /* XCRemoteSwiftPackageReference "supabase-swift" */;
			productName = PostgREST;
		};
		5926B58B2C44E7C200552E91 /* Realtime */ = {
			isa = XCSwiftPackageProductDependency;
			package = 5926B5832C44E78300552E91 /* XCRemoteSwiftPackageReference "supabase-swift" */;
			productName = Realtime;
		};
		5926B58D2C44E7C200552E91 /* Storage */ = {
			isa = XCSwiftPackageProductDependency;
			package = 5926B5832C44E78300552E91 /* XCRemoteSwiftPackageReference "supabase-swift" */;
			productName = Storage;
		};
		5926B58F2C44E7C200552E91 /* Supabase */ = {
			isa = XCSwiftPackageProductDependency;
			package = 5926B5832C44E78300552E91 /* XCRemoteSwiftPackageReference "supabase-swift" */;
			productName = Supabase;
		};
/* End XCSwiftPackageProductDependency section */
	};
	rootObject = 59D68E802C412AB9000BF5ED /* Project object */;
}
